<?xml version="1.0" encoding="utf-8"?>
<Project ToolsVersion="4.0" xmlns="http://schemas.microsoft.com/developer/msbuild/2003">
  <ItemGroup>
    <Filter Include="Source Files">
      <UniqueIdentifier>{4FC737F1-C7A5-4376-A066-2A32D752A2FF}</UniqueIdentifier>
      <Extensions>cpp;c;cxx;def;odl;idl;hpj;bat;asm;asmx</Extensions>
    </Filter>
    <Filter Include="Header Files">
      <UniqueIdentifier>{93995380-89BD-4b04-88EB-625FBE52EBFB}</UniqueIdentifier>
      <Extensions>h;hpp;hxx;hm;inl;inc;xsd</Extensions>
    </Filter>
    <Filter Include="Resource Files">
      <UniqueIdentifier>{67DA6AB6-F800-4c08-8B7A-83BB121AAD01}</UniqueIdentifier>
      <Extensions>rc;ico;cur;bmp;dlg;rc2;rct;bin;rgs;gif;jpg;jpeg;jpe;resx</Extensions>
    </Filter>
    <Filter Include="HTML Help Files">
      <UniqueIdentifier>{6d9d488d-c218-467b-81ab-be8b49ed0594}</UniqueIdentifier>
      <Extensions>hhp;hhc;hhk;gif;jpg</Extensions>
    </Filter>
    <Filter Include="HTML Help Topics">
      <UniqueIdentifier>{62721db0-433c-4994-a414-b134c84f1f50}</UniqueIdentifier>
      <Extensions>htm;html</Extensions>
    </Filter>
  </ItemGroup>
  <ItemGroup>
    <ClCompile Include="ChildFrm.cpp">
      <Filter>Source Files</Filter>
    </ClCompile>
    <ClCompile Include="Connection.cpp">
      <Filter>Source Files</Filter>
    </ClCompile>
    <ClCompile Include="DataBaseManager.cpp">
      <Filter>Source Files</Filter>
    </ClCompile>
    <ClCompile Include="DataBrowseDoc.cpp">
      <Filter>Source Files</Filter>
    </ClCompile>
    <ClCompile Include="DataBrowseFrame.cpp">
      <Filter>Source Files</Filter>
    </ClCompile>
    <ClCompile Include="DataBrowseView.cpp">
      <Filter>Source Files</Filter>
    </ClCompile>
    <ClCompile Include="DataChartView.cpp">
      <Filter>Source Files</Filter>
    </ClCompile>
    <ClCompile Include="DataFile.cpp">
      <Filter>Source Files</Filter>
    </ClCompile>
    <ClCompile Include="DataTranFrame.cpp">
      <Filter>Source Files</Filter>
    </ClCompile>
    <ClCompile Include="DataTransDoc.cpp">
      <Filter>Source Files</Filter>
    </ClCompile>
    <ClCompile Include="DataTransfer.cpp">
      <Filter>Source Files</Filter>
    </ClCompile>
    <ClCompile Include="DataTransView.cpp">
      <Filter>Source Files</Filter>
    </ClCompile>
    <ClCompile Include="DlgChartProperty.cpp">
      <Filter>Source Files</Filter>
    </ClCompile>
    <ClCompile Include="DlgChoosePage.cpp">
      <Filter>Source Files</Filter>
    </ClCompile>
    <ClCompile Include="DlgDataSelector.cpp">
      <Filter>Source Files</Filter>
    </ClCompile>
    <ClCompile Include="DlgDataSelectorInd.cpp">
      <Filter>Source Files</Filter>
    </ClCompile>
    <ClCompile Include="DlgDBPicProperty.cpp">
      <Filter>Source Files</Filter>
    </ClCompile>
    <ClCompile Include="DlgDBShowProperty.cpp">
      <Filter>Source Files</Filter>
    </ClCompile>
    <ClCompile Include="DlgEditShowProperty.cpp">
      <Filter>Source Files</Filter>
    </ClCompile>
    <ClCompile Include="DlgGlobalProperty.cpp">
      <Filter>Source Files</Filter>
    </ClCompile>
    <ClCompile Include="DlgInputServer.cpp">
      <Filter>Source Files</Filter>
    </ClCompile>
    <ClCompile Include="DlgInterfaceProperty.cpp">
      <Filter>Source Files</Filter>
    </ClCompile>
    <ClCompile Include="DlgLocalServerProperty.cpp">
      <Filter>Source Files</Filter>
    </ClCompile>
    <ClCompile Include="DlgProjectProperty.cpp">
      <Filter>Source Files</Filter>
    </ClCompile>
    <ClCompile Include="DlgReportProperty.cpp">
      <Filter>Source Files</Filter>
    </ClCompile>
    <ClCompile Include="DlgReportShowProperty.cpp">
      <Filter>Source Files</Filter>
    </ClCompile>
    <ClCompile Include="DlgSumField.cpp">
      <Filter>Source Files</Filter>
    </ClCompile>
    <ClCompile Include="DlgTranProperty.cpp">
      <Filter>Source Files</Filter>
    </ClCompile>
    <ClCompile Include="DlgUserInfo.cpp">
      <Filter>Source Files</Filter>
    </ClCompile>
    <ClCompile Include="fhtable.cpp">
      <Filter>Source Files</Filter>
    </ClCompile>
    <ClCompile Include="FTPClient.cpp">
      <Filter>Source Files</Filter>
    </ClCompile>
    <ClCompile Include="GraphGroupProperty.cpp">
      <Filter>Source Files</Filter>
    </ClCompile>
    <ClCompile Include="GraphPieLabel.cpp">
      <Filter>Source Files</Filter>
    </ClCompile>
    <ClCompile Include="GraphSeries.cpp">
      <Filter>Source Files</Filter>
    </ClCompile>
    <ClCompile Include="GraphView.cpp">
      <Filter>Source Files</Filter>
    </ClCompile>
    <ClCompile Include="LinkingsView.cpp">
      <Filter>Source Files</Filter>
    </ClCompile>
    <ClCompile Include="ListBoxTip.cpp">
      <Filter>Source Files</Filter>
    </ClCompile>
    <ClCompile Include="MainFrm.cpp">
      <Filter>Source Files</Filter>
    </ClCompile>
    <ClCompile Include="PicShowView.cpp">
      <Filter>Source Files</Filter>
    </ClCompile>
    <ClCompile Include="PupText.cpp">
      <Filter>Source Files</Filter>
    </ClCompile>
    <ClCompile Include="QCDB.cpp">
      <Filter>Source Files</Filter>
    </ClCompile>
    <ClCompile Include="QCDBDataBrowseDoc.cpp">
      <Filter>Source Files</Filter>
    </ClCompile>
    <ClCompile Include="QCDBDataBrowseDoc1.cpp">
      <Filter>Source Files</Filter>
    </ClCompile>
    <ClCompile Include="QCDBDataBrowseDoc2.cpp">
      <Filter>Source Files</Filter>
    </ClCompile>
    <ClCompile Include="QCDBDataBrowseDoc3.cpp">
      <Filter>Source Files</Filter>
    </ClCompile>
    <ClCompile Include="QCDBDataBrowseDoc4.cpp">
      <Filter>Source Files</Filter>
    </ClCompile>
    <ClCompile Include="QCDBDataBrowseView.cpp">
      <Filter>Source Files</Filter>
    </ClCompile>
    <ClCompile Include="QCDBDoc.cpp">
      <Filter>Source Files</Filter>
    </ClCompile>
    <ClCompile Include="QCDBPasswordDoc.cpp">
      <Filter>Source Files</Filter>
    </ClCompile>
    <ClCompile Include="QCDBView.cpp">
      <Filter>Source Files</Filter>
    </ClCompile>
    <ClCompile Include="QCGlobal.cpp">
      <Filter>Source Files</Filter>
    </ClCompile>
    <ClCompile Include="ReportCreator.cpp">
      <Filter>Source Files</Filter>
    </ClCompile>
    <ClCompile Include="ReportDoc.cpp">
      <Filter>Source Files</Filter>
    </ClCompile>
    <ClCompile Include="ReportDoc1.cpp">
      <Filter>Source Files</Filter>
    </ClCompile>
    <ClCompile Include="ReportDoc2.cpp">
      <Filter>Source Files</Filter>
    </ClCompile>
    <ClCompile Include="ReportDoc3.cpp">
      <Filter>Source Files</Filter>
    </ClCompile>
    <ClCompile Include="ReportDoc4.cpp">
      <Filter>Source Files</Filter>
    </ClCompile>
    <ClCompile Include="ReportDoc5.cpp">
      <Filter>Source Files</Filter>
    </ClCompile>
    <ClCompile Include="ReportDoc6.cpp">
      <Filter>Source Files</Filter>
    </ClCompile>
    <ClCompile Include="ReportView.cpp">
      <Filter>Source Files</Filter>
    </ClCompile>
    <ClCompile Include="ReportView1.cpp">
      <Filter>Source Files</Filter>
    </ClCompile>
    <ClCompile Include="ReportView2.cpp">
      <Filter>Source Files</Filter>
    </ClCompile>
    <ClCompile Include="ReportView3.cpp">
      <Filter>Source Files</Filter>
    </ClCompile>
    <ClCompile Include="ReportView4.cpp">
      <Filter>Source Files</Filter>
    </ClCompile>
    <ClCompile Include="ReportView5.cpp">
      <Filter>Source Files</Filter>
    </ClCompile>
    <ClCompile Include="ReportView6.cpp">
      <Filter>Source Files</Filter>
    </ClCompile>
    <ClCompile Include="stdafx.cpp">
      <Filter>Source Files</Filter>
    </ClCompile>
    <ClCompile Include="Subclass.cpp">
      <Filter>Source Files</Filter>
    </ClCompile>
    <ClCompile Include="TableProcessor.cpp">
      <Filter>Source Files</Filter>
    </ClCompile>
    <ClCompile Include="TranSocket.cpp">
      <Filter>Source Files</Filter>
    </ClCompile>
    <ClCompile Include="TreeViewDB.cpp">
      <Filter>Source Files</Filter>
    </ClCompile>
  </ItemGroup>
  <ItemGroup>
    <ClInclude Include="ChildFrm.h">
      <Filter>Header Files</Filter>
    </ClInclude>
    <ClInclude Include="Connection.h">
      <Filter>Header Files</Filter>
    </ClInclude>
    <ClInclude Include="DataBaseManager.h">
      <Filter>Header Files</Filter>
    </ClInclude>
    <ClInclude Include="DataBaseStManager.h">
      <Filter>Header Files</Filter>
    </ClInclude>
    <ClInclude Include="DataBrowseDoc.h">
      <Filter>Header Files</Filter>
    </ClInclude>
    <ClInclude Include="DataBrowseFrame.h">
      <Filter>Header Files</Filter>
    </ClInclude>
    <ClInclude Include="DataBrowseView.h">
      <Filter>Header Files</Filter>
    </ClInclude>
    <ClInclude Include="DataChartView.h">
      <Filter>Header Files</Filter>
    </ClInclude>
    <ClInclude Include="DataFile.h">
      <Filter>Header Files</Filter>
    </ClInclude>
    <ClInclude Include="DataTranFrame.h">
      <Filter>Header Files</Filter>
    </ClInclude>
    <ClInclude Include="DataTransDoc.h">
      <Filter>Header Files</Filter>
    </ClInclude>
    <ClInclude Include="DataTransfer.h">
      <Filter>Header Files</Filter>
    </ClInclude>
    <ClInclude Include="DataTransView.h">
      <Filter>Header Files</Filter>
    </ClInclude>
    <ClInclude Include="DlgChartProperty.h">
      <Filter>Header Files</Filter>
    </ClInclude>
    <ClInclude Include="DlgChoosePage.h">
      <Filter>Header Files</Filter>
    </ClInclude>
    <ClInclude Include="DlgDataSelector.h">
      <Filter>Header Files</Filter>
    </ClInclude>
    <ClInclude Include="DlgDataSelectorInd.h">
      <Filter>Header Files</Filter>
    </ClInclude>
    <ClInclude Include="DlgDBPicProperty.h">
      <Filter>Header Files</Filter>
    </ClInclude>
    <ClInclude Include="DlgDBShowProperty.h">
      <Filter>Header Files</Filter>
    </ClInclude>
    <ClInclude Include="DlgEditShowProperty.h">
      <Filter>Header Files</Filter>
    </ClInclude>
    <ClInclude Include="DlgGlobalProperty.h">
      <Filter>Header Files</Filter>
    </ClInclude>
    <ClInclude Include="DlgInputServer.h">
      <Filter>Header Files</Filter>
    </ClInclude>
    <ClInclude Include="DlgInterfaceProperty.h">
      <Filter>Header Files</Filter>
    </ClInclude>
    <ClInclude Include="DlgLocalServerProperty.h">
      <Filter>Header Files</Filter>
    </ClInclude>
    <ClInclude Include="DlgProjectProperty.h">
      <Filter>Header Files</Filter>
    </ClInclude>
    <ClInclude Include="DlgReportProperty.h">
      <Filter>Header Files</Filter>
    </ClInclude>
    <ClInclude Include="DlgReportShowProperty.h">
      <Filter>Header Files</Filter>
    </ClInclude>
    <ClInclude Include="DlgSumField.h">
      <Filter>Header Files</Filter>
    </ClInclude>
    <ClInclude Include="DlgTranProperty.h">
      <Filter>Header Files</Filter>
    </ClInclude>
    <ClInclude Include="DlgUserInfo.h">
      <Filter>Header Files</Filter>
    </ClInclude>
    <ClInclude Include="fhtable.h">
      <Filter>Header Files</Filter>
    </ClInclude>
    <ClInclude Include="FTPClient.h">
      <Filter>Header Files</Filter>
    </ClInclude>
    <ClInclude Include="GraphGroupProperty.h">
      <Filter>Header Files</Filter>
    </ClInclude>
    <ClInclude Include="GraphPieLabel.h">
      <Filter>Header Files</Filter>
    </ClInclude>
    <ClInclude Include="GraphSeries.h">
      <Filter>Header Files</Filter>
    </ClInclude>
    <ClInclude Include="GraphView.h">
      <Filter>Header Files</Filter>
    </ClInclude>
    <ClInclude Include="LinkingsView.h">
      <Filter>Header Files</Filter>
    </ClInclude>
    <ClInclude Include="ListBoxTip.h">
      <Filter>Header Files</Filter>
    </ClInclude>
    <ClInclude Include="MainFrm.h">
      <Filter>Header Files</Filter>
    </ClInclude>
    <ClInclude Include="..\Zoomview\Include\PasswordManager.h">
      <Filter>Header Files</Filter>
    </ClInclude>
    <ClInclude Include="PicShowView.h">
      <Filter>Header Files</Filter>
    </ClInclude>
    <ClInclude Include="PupText.h">
      <Filter>Header Files</Filter>
    </ClInclude>
    <ClInclude Include="QCDB.h">
      <Filter>Header Files</Filter>
    </ClInclude>
    <ClInclude Include="QCDBDataBrowseDoc.h">
      <Filter>Header Files</Filter>
    </ClInclude>
    <ClInclude Include="QCDBDataBrowseView.h">
      <Filter>Header Files</Filter>
    </ClInclude>
    <ClInclude Include="QCDBDoc.h">
      <Filter>Header Files</Filter>
    </ClInclude>
    <ClInclude Include="QCDBPasswordDoc.h">
      <Filter>Header Files</Filter>
    </ClInclude>
    <ClInclude Include="QCDBView.h">
      <Filter>Header Files</Filter>
    </ClInclude>
    <ClInclude Include="QCGlobal.h">
      <Filter>Header Files</Filter>
    </ClInclude>
    <ClInclude Include="ReportCreator.h">
      <Filter>Header Files</Filter>
    </ClInclude>
    <ClInclude Include="ReportDoc.h">
      <Filter>Header Files</Filter>
    </ClInclude>
    <ClInclude Include="ReportView.h">
      <Filter>Header Files</Filter>
    </ClInclude>
    <ClInclude Include="stdafx.h">
      <Filter>Header Files</Filter>
    </ClInclude>
    <ClInclude Include="Subclass.h">
      <Filter>Header Files</Filter>
    </ClInclude>
    <ClInclude Include="TableProcessor.h">
      <Filter>Header Files</Filter>
    </ClInclude>
    <ClInclude Include="TranSocket.h">
      <Filter>Header Files</Filter>
    </ClInclude>
    <ClInclude Include="TreeViewDB.h">
      <Filter>Header Files</Filter>
    </ClInclude>
  </ItemGroup>
  <ItemGroup>
    <Image Include="hlp\Images\Bullet.gif">
      <Filter>Resource Files</Filter>
    </Image>
    <Image Include="res\mainframetoolbar.bmp">
      <Filter>Resource Files</Filter>
    </Image>
    <Image Include="res\qcdb.bmp">
      <Filter>Resource Files</Filter>
    </Image>
    <Image Include="res\QCDB.ico">
      <Filter>Resource Files</Filter>
    </Image>
    <Image Include="res\qcdb_par.bmp">
      <Filter>Resource Files</Filter>
    </Image>
    <Image Include="res\QCDBDoc.ico">
      <Filter>Resource Files</Filter>
    </Image>
    <Image Include="res\Toolbar.bmp">
      <Filter>Resource Files</Filter>
    </Image>
  </ItemGroup>
  <ItemGroup>
    <ResourceCompile Include="QCDB.rc">
      <Filter>Resource Files</Filter>
    </ResourceCompile>
  </ItemGroup>
  <ItemGroup>
    <None Include="res\QCDB.rc2">
      <Filter>Resource Files</Filter>
    </None>
    <None Include="hlp\QCDB.hhc">
      <Filter>HTML Help Files</Filter>
    </None>
    <None Include="hlp\QCDB.hhk">
      <Filter>HTML Help Files</Filter>
    </None>
    <None Include="hlp\afx_hidd_color.htm">
      <Filter>HTML Help Topics</Filter>
    </None>
    <None Include="hlp\afx_hidd_fileopen.htm">
      <Filter>HTML Help Topics</Filter>
    </None>
    <None Include="hlp\afx_hidd_filesave.htm">
      <Filter>HTML Help Topics</Filter>
    </None>
    <None Include="hlp\afx_hidd_find.htm">
      <Filter>HTML Help Topics</Filter>
    </None>
    <None Include="hlp\afx_hidd_font.htm">
      <Filter>HTML Help Topics</Filter>
    </None>
    <None Include="hlp\afx_hidd_newtypedlg.htm">
      <Filter>HTML Help Topics</Filter>
    </None>
    <None Include="hlp\afx_hidd_print.htm">
      <Filter>HTML Help Topics</Filter>
    </None>
    <None Include="hlp\afx_hidd_printdlg.htm">
      <Filter>HTML Help Topics</Filter>
    </None>
    <None Include="hlp\afx_hidd_printsetup.htm">
      <Filter>HTML Help Topics</Filter>
    </None>
    <None Include="hlp\afx_hidd_replace.htm">
      <Filter>HTML Help Topics</Filter>
    </None>
    <None Include="hlp\afx_hidp_default.htm">
      <Filter>HTML Help Topics</Filter>
    </None>
    <None Include="hlp\afx_hidw_dockbar_top.htm">
      <Filter>HTML Help Topics</Filter>
    </None>
    <None Include="hlp\afx_hidw_preview_bar.htm">
      <Filter>HTML Help Topics</Filter>
    </None>
    <None Include="hlp\afx_hidw_status_bar.htm">
      <Filter>HTML Help Topics</Filter>
    </None>
    <None Include="hlp\afx_hidw_toolbar.htm">
      <Filter>HTML Help Topics</Filter>
    </None>
    <None Include="hlp\hid_app_about.htm">
      <Filter>HTML Help Topics</Filter>
    </None>
    <None Include="hlp\hid_app_exit.htm">
      <Filter>HTML Help Topics</Filter>
    </None>
    <None Include="hlp\hid_context_help.htm">
      <Filter>HTML Help Topics</Filter>
    </None>
    <None Include="hlp\hid_edit_clear.htm">
      <Filter>HTML Help Topics</Filter>
    </None>
    <None Include="hlp\hid_edit_clear_all.htm">
      <Filter>HTML Help Topics</Filter>
    </None>
    <None Include="hlp\hid_edit_copy.htm">
      <Filter>HTML Help Topics</Filter>
    </None>
    <None Include="hlp\hid_edit_cut.htm">
      <Filter>HTML Help Topics</Filter>
    </None>
    <None Include="hlp\hid_edit_find.htm">
      <Filter>HTML Help Topics</Filter>
    </None>
    <None Include="hlp\hid_edit_paste.htm">
      <Filter>HTML Help Topics</Filter>
    </None>
    <None Include="hlp\hid_edit_redo.htm">
      <Filter>HTML Help Topics</Filter>
    </None>
    <None Include="hlp\hid_edit_repeat.htm">
      <Filter>HTML Help Topics</Filter>
    </None>
    <None Include="hlp\hid_edit_replace.htm">
      <Filter>HTML Help Topics</Filter>
    </None>
    <None Include="hlp\hid_edit_undo.htm">
      <Filter>HTML Help Topics</Filter>
    </None>
    <None Include="hlp\hid_file_close.htm">
      <Filter>HTML Help Topics</Filter>
    </None>
    <None Include="hlp\hid_file_mru_file1.htm">
      <Filter>HTML Help Topics</Filter>
    </None>
    <None Include="hlp\hid_file_new.htm">
      <Filter>HTML Help Topics</Filter>
    </None>
    <None Include="hlp\hid_file_open.htm">
      <Filter>HTML Help Topics</Filter>
    </None>
    <None Include="hlp\hid_file_page_setup.htm">
      <Filter>HTML Help Topics</Filter>
    </None>
    <None Include="hlp\hid_file_print.htm">
      <Filter>HTML Help Topics</Filter>
    </None>
    <None Include="hlp\hid_file_print_preview.htm">
      <Filter>HTML Help Topics</Filter>
    </None>
    <None Include="hlp\hid_file_print_setup.htm">
      <Filter>HTML Help Topics</Filter>
    </None>
    <None Include="hlp\hid_file_save.htm">
      <Filter>HTML Help Topics</Filter>
    </None>
    <None Include="hlp\hid_file_save_as.htm">
      <Filter>HTML Help Topics</Filter>
    </None>
    <None Include="hlp\hid_file_send_mail.htm">
      <Filter>HTML Help Topics</Filter>
    </None>
    <None Include="hlp\hid_help_index.htm">
      <Filter>HTML Help Topics</Filter>
    </None>
    <None Include="hlp\hid_help_using.htm">
      <Filter>HTML Help Topics</Filter>
    </None>
    <None Include="hlp\hid_ht_caption.htm">
      <Filter>HTML Help Topics</Filter>
    </None>
    <None Include="hlp\hid_ht_nowhere.htm">
      <Filter>HTML Help Topics</Filter>
    </None>
    <None Include="hlp\hid_next_pane.htm">
      <Filter>HTML Help Topics</Filter>
    </None>
    <None Include="hlp\hid_prev_pane.htm">
      <Filter>HTML Help Topics</Filter>
    </None>
    <None Include="hlp\hid_sc_close.htm">
      <Filter>HTML Help Topics</Filter>
    </None>
    <None Include="hlp\hid_sc_maximize.htm">
      <Filter>HTML Help Topics</Filter>
    </None>
    <None Include="hlp\hid_sc_minimize.htm">
      <Filter>HTML Help Topics</Filter>
    </None>
    <None Include="hlp\hid_sc_move.htm">
      <Filter>HTML Help Topics</Filter>
    </None>
    <None Include="hlp\hid_sc_nextwindow.htm">
      <Filter>HTML Help Topics</Filter>
    </None>
    <None Include="hlp\hid_sc_prevwindow.htm">
      <Filter>HTML Help Topics</Filter>
    </None>
    <None Include="hlp\hid_sc_restore.htm">
      <Filter>HTML Help Topics</Filter>
    </None>
    <None Include="hlp\hid_sc_size.htm">
      <Filter>HTML Help Topics</Filter>
    </None>
    <None Include="hlp\hid_sc_tasklist.htm">
      <Filter>HTML Help Topics</Filter>
    </None>
    <None Include="hlp\hid_view_ruler.htm">
      <Filter>HTML Help Topics</Filter>
    </None>
    <None Include="hlp\hid_view_status_bar.htm">
      <Filter>HTML Help Topics</Filter>
    </None>
    <None Include="hlp\hid_view_toolbar.htm">
      <Filter>HTML Help Topics</Filter>
    </None>
    <None Include="hlp\hid_window_all.htm">
      <Filter>HTML Help Topics</Filter>
    </None>
    <None Include="hlp\hid_window_arrange.htm">
      <Filter>HTML Help Topics</Filter>
    </None>
    <None Include="hlp\hid_window_cascade.htm">
      <Filter>HTML Help Topics</Filter>
    </None>
    <None Include="hlp\hid_window_new.htm">
      <Filter>HTML Help Topics</Filter>
    </None>
    <None Include="hlp\hid_window_split.htm">
      <Filter>HTML Help Topics</Filter>
    </None>
    <None Include="hlp\hid_window_tile.htm">
      <Filter>HTML Help Topics</Filter>
    </None>
    <None Include="hlp\hid_window_tile_horz.htm">
      <Filter>HTML Help Topics</Filter>
    </None>
    <None Include="hlp\hid_window_tile_vert.htm">
      <Filter>HTML Help Topics</Filter>
    </None>
    <None Include="hlp\hidr_doc1type.htm">
      <Filter>HTML Help Topics</Filter>
    </None>
    <None Include="hlp\main_index.htm">
      <Filter>HTML Help Topics</Filter>
    </None>
    <None Include="hlp\menu_edit.htm">
      <Filter>HTML Help Topics</Filter>
    </None>
    <None Include="hlp\menu_file.htm">
      <Filter>HTML Help Topics</Filter>
    </None>
    <None Include="hlp\menu_help.htm">
      <Filter>HTML Help Topics</Filter>
    </None>
    <None Include="hlp\menu_view.htm">
      <Filter>HTML Help Topics</Filter>
    </None>
    <None Include="hlp\menu_window.htm">
      <Filter>HTML Help Topics</Filter>
    </None>
    <None Include="hlp\scrollbars.htm">
      <Filter>HTML Help Topics</Filter>
    </None>
  </ItemGroup>
  <ItemGroup>
    <Manifest Include="res\QCDB.manifest" />
  </ItemGroup>
  <ItemGroup>
    <Text Include="ReadMe.txt" />
  </ItemGroup>
  <ItemGroup>
    <CustomBuild Include="Resource.h">
      <Filter>Header Files</Filter>
    </CustomBuild>
    <CustomBuild Include="hlp\QCDB.hhp">
      <Filter>HTML Help Files</Filter>
    </CustomBuild>
  </ItemGroup>
</Project>